
Microsoft Visual Studio Solution File, Format Version 12.00
# Visual Studio Version 17
VisualStudioVersion = 17.8.34330.188
MinimumVisualStudioVersion = 10.0.40219.1
Project("{FAE04EC0-301F-11D3-BF4B-00C04F79EFBC}") = "Sorveteria", "Sorveteria.csproj", "{FC0B0EF2-3E27-483E-94FA-8A7476C0ED06}"
EndProject
Global
	GlobalSection(SolutionConfigurationPlatforms) = preSolution
		Debug|Any CPU = Debug|Any CPU
		Release|Any CPU = Release|Any CPU
	EndGlobalSection
	GlobalSection(ProjectConfigurationPlatforms) = postSolution
		{FC0B0EF2-3E27-483E-94FA-8A7476C0ED06}.Debug|Any CPU.ActiveCfg = Debug|Any CPU
		{FC0B0EF2-3E27-483E-94FA-8A7476C0ED06}.Debug|Any CPU.Build.0 = Debug|Any CPU
		{FC0B0EF2-3E27-483E-94FA-8A7476C0ED06}.Release|Any CPU.ActiveCfg = Release|Any CPU
		{FC0B0EF2-3E27-483E-94FA-8A7476C0ED06}.Release|Any CPU.Build.0 = Release|Any CPU
	EndGlobalSection
	GlobalSection(SolutionProperties) = preSolution
		HideSolutionNode = FALSE
	EndGlobalSection
	GlobalSection(ExtensibilityGlobals) = postSolution
		SolutionGuid = {5024D2EC-F378-41BE-9981-CEBD61979490}
	EndGlobalSection
EndGlobal
